
Microsoft Visual Studio Solution File, Format Version 12.00
# Visual Studio 2013
VisualStudioVersion = 12.0.21005.1
MinimumVisualStudioVersion = 10.0.40219.1
Project("{FAE04EC0-301F-11D3-BF4B-00C04F79EFBC}") = "DictPlus", "Tu Dien 1.1\DictPlus.csproj", "{7A2431D1-1811-421E-9D16-8B9BCF0671B3}"
EndProject
Project("{FAE04EC0-301F-11D3-BF4B-00C04F79EFBC}") = "MouseKeyboardActivityMonitor", "MouseKeyboardActivityMonitor\MouseKeyboardActivityMonitor.csproj", "{66CA65C7-1387-4C50-8CF2-30B14B6BE200}"
EndProject
Project("{6141683F-8A12-4E36-9623-2EB02B2C2303}") = "Setup2", "Setup2\Setup2.isproj", "{78FB1ECE-B384-4885-B0F4-F5B6EAE40F8E}"
EndProject
Global
	GlobalSection(SolutionConfigurationPlatforms) = preSolution
		CD_ROM|Any CPU = CD_ROM|Any CPU
		Debug|Any CPU = Debug|Any CPU
		DVD-5|Any CPU = DVD-5|Any CPU
		Release|Any CPU = Release|Any CPU
		SingleImage|Any CPU = SingleImage|Any CPU
	EndGlobalSection
	GlobalSection(ProjectConfigurationPlatforms) = postSolution
		{7A2431D1-1811-421E-9D16-8B9BCF0671B3}.CD_ROM|Any CPU.ActiveCfg = Release|Any CPU
		{7A2431D1-1811-421E-9D16-8B9BCF0671B3}.CD_ROM|Any CPU.Build.0 = Release|Any CPU
		{7A2431D1-1811-421E-9D16-8B9BCF0671B3}.Debug|Any CPU.ActiveCfg = Debug|Any CPU
		{7A2431D1-1811-421E-9D16-8B9BCF0671B3}.Debug|Any CPU.Build.0 = Debug|Any CPU
		{7A2431D1-1811-421E-9D16-8B9BCF0671B3}.DVD-5|Any CPU.ActiveCfg = Debug|Any CPU
		{7A2431D1-1811-421E-9D16-8B9BCF0671B3}.DVD-5|Any CPU.Build.0 = Debug|Any CPU
		{7A2431D1-1811-421E-9D16-8B9BCF0671B3}.Release|Any CPU.ActiveCfg = Release|Any CPU
		{7A2431D1-1811-421E-9D16-8B9BCF0671B3}.Release|Any CPU.Build.0 = Release|Any CPU
		{7A2431D1-1811-421E-9D16-8B9BCF0671B3}.SingleImage|Any CPU.ActiveCfg = Release|Any CPU
		{7A2431D1-1811-421E-9D16-8B9BCF0671B3}.SingleImage|Any CPU.Build.0 = Release|Any CPU
		{66CA65C7-1387-4C50-8CF2-30B14B6BE200}.CD_ROM|Any CPU.ActiveCfg = Release|Any CPU
		{66CA65C7-1387-4C50-8CF2-30B14B6BE200}.CD_ROM|Any CPU.Build.0 = Release|Any CPU
		{66CA65C7-1387-4C50-8CF2-30B14B6BE200}.Debug|Any CPU.ActiveCfg = Debug|Any CPU
		{66CA65C7-1387-4C50-8CF2-30B14B6BE200}.Debug|Any CPU.Build.0 = Debug|Any CPU
		{66CA65C7-1387-4C50-8CF2-30B14B6BE200}.DVD-5|Any CPU.ActiveCfg = Debug|Any CPU
		{66CA65C7-1387-4C50-8CF2-30B14B6BE200}.DVD-5|Any CPU.Build.0 = Debug|Any CPU
		{66CA65C7-1387-4C50-8CF2-30B14B6BE200}.Release|Any CPU.ActiveCfg = Release|Any CPU
		{66CA65C7-1387-4C50-8CF2-30B14B6BE200}.Release|Any CPU.Build.0 = Release|Any CPU
		{66CA65C7-1387-4C50-8CF2-30B14B6BE200}.SingleImage|Any CPU.ActiveCfg = Release|Any CPU
		{66CA65C7-1387-4C50-8CF2-30B14B6BE200}.SingleImage|Any CPU.Build.0 = Release|Any CPU
		{78FB1ECE-B384-4885-B0F4-F5B6EAE40F8E}.CD_ROM|Any CPU.ActiveCfg = CD_ROM
		{78FB1ECE-B384-4885-B0F4-F5B6EAE40F8E}.CD_ROM|Any CPU.Build.0 = CD_ROM
		{78FB1ECE-B384-4885-B0F4-F5B6EAE40F8E}.Debug|Any CPU.ActiveCfg = DVD-5
		{78FB1ECE-B384-4885-B0F4-F5B6EAE40F8E}.Debug|Any CPU.Build.0 = DVD-5
		{78FB1ECE-B384-4885-B0F4-F5B6EAE40F8E}.DVD-5|Any CPU.ActiveCfg = DVD-5
		{78FB1ECE-B384-4885-B0F4-F5B6EAE40F8E}.DVD-5|Any CPU.Build.0 = DVD-5
		{78FB1ECE-B384-4885-B0F4-F5B6EAE40F8E}.Release|Any CPU.ActiveCfg = SingleImage
		{78FB1ECE-B384-4885-B0F4-F5B6EAE40F8E}.Release|Any CPU.Build.0 = SingleImage
		{78FB1ECE-B384-4885-B0F4-F5B6EAE40F8E}.SingleImage|Any CPU.ActiveCfg = SingleImage
		{78FB1ECE-B384-4885-B0F4-F5B6EAE40F8E}.SingleImage|Any CPU.Build.0 = SingleImage
	EndGlobalSection
	GlobalSection(SolutionProperties) = preSolution
		HideSolutionNode = FALSE
	EndGlobalSection
EndGlobal
